
Microsoft Visual Studio Solution File, Format Version 12.00
# Visual Studio Version 17
VisualStudioVersion = 17.3.32825.248
MinimumVisualStudioVersion = 10.0.40219.1
Project("{FAE04EC0-301F-11D3-BF4B-00C04F79EFBC}") = "SF2022User01Lib", "SF2022User01Lib\SF2022User01Lib.csproj", "{A54F63FF-6C94-4D35-AFFC-828BA8131953}"
EndProject
Project("{FAE04EC0-301F-11D3-BF4B-00C04F79EFBC}") = "UnitTest", "UnitTest\UnitTest.csproj", "{AA3C8515-535F-4CE7-937D-A596B7072879}"
EndProject
Global
	GlobalSection(SolutionConfigurationPlatforms) = preSolution
		Debug|Any CPU = Debug|Any CPU
		Release|Any CPU = Release|Any CPU
	EndGlobalSection
	GlobalSection(ProjectConfigurationPlatforms) = postSolution
		{A54F63FF-6C94-4D35-AFFC-828BA8131953}.Debug|Any CPU.ActiveCfg = Debug|Any CPU
		{A54F63FF-6C94-4D35-AFFC-828BA8131953}.Debug|Any CPU.Build.0 = Debug|Any CPU
		{A54F63FF-6C94-4D35-AFFC-828BA8131953}.Release|Any CPU.ActiveCfg = Release|Any CPU
		{A54F63FF-6C94-4D35-AFFC-828BA8131953}.Release|Any CPU.Build.0 = Release|Any CPU
		{AA3C8515-535F-4CE7-937D-A596B7072879}.Debug|Any CPU.ActiveCfg = Debug|Any CPU
		{AA3C8515-535F-4CE7-937D-A596B7072879}.Debug|Any CPU.Build.0 = Debug|Any CPU
		{AA3C8515-535F-4CE7-937D-A596B7072879}.Release|Any CPU.ActiveCfg = Release|Any CPU
		{AA3C8515-535F-4CE7-937D-A596B7072879}.Release|Any CPU.Build.0 = Release|Any CPU
	EndGlobalSection
	GlobalSection(SolutionProperties) = preSolution
		HideSolutionNode = FALSE
	EndGlobalSection
	GlobalSection(ExtensibilityGlobals) = postSolution
		SolutionGuid = {3A544B9F-7455-4C74-B2CC-3C81158F14BA}
	EndGlobalSection
EndGlobal
